
Microsoft Visual Studio Solution File, Format Version 12.00
# Visual Studio 2012
Project("{FAE04EC0-301F-11D3-BF4B-00C04F79EFBC}") = "Delarue.JB", "Delarue.JB\Delarue.JB.csproj", "{39DC53AF-68C4-4AF1-BA27-780DBEDDFD65}"
EndProject
Project("{FAE04EC0-301F-11D3-BF4B-00C04F79EFBC}") = "Delarue.JB.Tests", "Delarue.JB.Tests\Delarue.JB.Tests.csproj", "{0ED2B92D-6133-455C-8B06-4F88673DC67B}"
EndProject
Global
	GlobalSection(SolutionConfigurationPlatforms) = preSolution
		Debug|Any CPU = Debug|Any CPU
		Release|Any CPU = Release|Any CPU
	EndGlobalSection
	GlobalSection(ProjectConfigurationPlatforms) = postSolution
		{39DC53AF-68C4-4AF1-BA27-780DBEDDFD65}.Debug|Any CPU.ActiveCfg = Debug|Any CPU
		{39DC53AF-68C4-4AF1-BA27-780DBEDDFD65}.Debug|Any CPU.Build.0 = Debug|Any CPU
		{39DC53AF-68C4-4AF1-BA27-780DBEDDFD65}.Release|Any CPU.ActiveCfg = Release|Any CPU
		{39DC53AF-68C4-4AF1-BA27-780DBEDDFD65}.Release|Any CPU.Build.0 = Release|Any CPU
		{0ED2B92D-6133-455C-8B06-4F88673DC67B}.Debug|Any CPU.ActiveCfg = Debug|Any CPU
		{0ED2B92D-6133-455C-8B06-4F88673DC67B}.Debug|Any CPU.Build.0 = Debug|Any CPU
		{0ED2B92D-6133-455C-8B06-4F88673DC67B}.Release|Any CPU.ActiveCfg = Release|Any CPU
		{0ED2B92D-6133-455C-8B06-4F88673DC67B}.Release|Any CPU.Build.0 = Release|Any CPU
	EndGlobalSection
	GlobalSection(SolutionProperties) = preSolution
		HideSolutionNode = FALSE
	EndGlobalSection
EndGlobal
